// !$*UTF8*$!
{
	archiveVersion = 1;
	classes = {
	};
	objectVersion = 60;
	objects = {

/* Begin PBXBuildFile section */
		75995A982C2A12CC004AE683 /* AppDelegate.swift in Sources */ = {isa = PBXBuildFile; fileRef = 75995A972C2A12CC004AE683 /* AppDelegate.swift */; };
		75995A9A2C2A12CC004AE683 /* SceneDelegate.swift in Sources */ = {isa = PBXBuildFile; fileRef = 75995A992C2A12CC004AE683 /* SceneDelegate.swift */; };
		75995A9C2C2A12CC004AE683 /* ViewController.swift in Sources */ = {isa = PBXBuildFile; fileRef = 75995A9B2C2A12CC004AE683 /* ViewController.swift */; };
		75995A9F2C2A12CC004AE683 /* Base in Resources */ = {isa = PBXBuildFile; fileRef = 75995A9E2C2A12CC004AE683 /* Base */; };
		75995AA12C2A12CE004AE683 /* Assets.xcassets in Resources */ = {isa = PBXBuildFile; fileRef = 75995AA02C2A12CE004AE683 /* Assets.xcassets */; };
		75995AA42C2A12CE004AE683 /* Base in Resources */ = {isa = PBXBuildFile; fileRef = 75995AA32C2A12CE004AE683 /* Base */; };
		75995AAF2C2A12CE004AE683 /* CounterTests.swift in Sources */ = {isa = PBXBuildFile; fileRef = 75995AAE2C2A12CE004AE683 /* CounterTests.swift */; };
		75995AB92C2A12CE004AE683 /* CounterUITests.swift in Sources */ = {isa = PBXBuildFile; fileRef = 75995AB82C2A12CE004AE683 /* CounterUITests.swift */; };
		75995ABB2C2A12CE004AE683 /* CounterUITestsLaunchTests.swift in Sources */ = {isa = PBXBuildFile; fileRef = 75995ABA2C2A12CE004AE683 /* CounterUITestsLaunchTests.swift */; };
/* End PBXBuildFile section */

/* Begin PBXContainerItemProxy section */
		75995AAB2C2A12CE004AE683 /* PBXContainerItemProxy */ = {
			isa = PBXContainerItemProxy;
			containerPortal = 75995A8C2C2A12CC004AE683 /* Project object */;
			proxyType = 1;
			remoteGlobalIDString = 75995A932C2A12CC004AE683;
			remoteInfo = Counter;
		};
		75995AB52C2A12CE004AE683 /* PBXContainerItemProxy */ = {
			isa = PBXContainerItemProxy;
			containerPortal = 75995A8C2C2A12CC004AE683 /* Project object */;
			proxyType = 1;
			remoteGlobalIDString = 75995A932C2A12CC004AE683;
			remoteInfo = Counter;
		};
/* End PBXContainerItemProxy section */

/* Begin PBXFileReference section */
		75995A942C2A12CC004AE683 /* Counter.app */ = {isa = PBXFileReference; explicitFileType = wrapper.application; includeInIndex = 0; path = Counter.app; sourceTree = BUILT_PRODUCTS_DIR; };
		75995A972C2A12CC004AE683 /* AppDelegate.swift */ = {isa = PBXFileReference; lastKnownFileType = sourcecode.swift; path = AppDelegate.swift; sourceTree = "<group>"; };
		75995A992C2A12CC004AE683 /* SceneDelegate.swift */ = {isa = PBXFileReference; lastKnownFileType = sourcecode.swift; path = SceneDelegate.swift; sourceTree = "<group>"; };
		75995A9B2C2A12CC004AE683 /* ViewController.swift */ = {isa = PBXFileReference; lastKnownFileType = sourcecode.swift; path = ViewController.swift; sourceTree = "<group>"; };
		75995A9E2C2A12CC004AE683 /* Base */ = {isa = PBXFileReference; lastKnownFileType = file.storyboard; name = Base; path = Base.lproj/Main.storyboard; sourceTree = "<group>"; };
		75995AA02C2A12CE004AE683 /* Assets.xcassets */ = {isa = PBXFileReference; lastKnownFileType = folder.assetcatalog; path = Assets.xcassets; sourceTree = "<group>"; };
		75995AA32C2A12CE004AE683 /* Base */ = {isa = PBXFileReference; lastKnownFileType = file.storyboard; name = Base; path = Base.lproj/LaunchScreen.storyboard; sourceTree = "<group>"; };
		75995AA52C2A12CE004AE683 /* Info.plist */ = {isa = PBXFileReference; lastKnownFileType = text.plist.xml; path = Info.plist; sourceTree = "<group>"; };
		75995AAA2C2A12CE004AE683 /* CounterTests.xctest */ = {isa = PBXFileReference; explicitFileType = wrapper.cfbundle; includeInIndex = 0; path = CounterTests.xctest; sourceTree = BUILT_PRODUCTS_DIR; };
		75995AAE2C2A12CE004AE683 /* CounterTests.swift */ = {isa = PBXFileReference; lastKnownFileType = sourcecode.swift; path = CounterTests.swift; sourceTree = "<group>"; };
		75995AB42C2A12CE004AE683 /* CounterUITests.xctest */ = {isa = PBXFileReference; explicitFileType = wrapper.cfbundle; includeInIndex = 0; path = CounterUITests.xctest; sourceTree = BUILT_PRODUCTS_DIR; };
		75995AB82C2A12CE004AE683 /* CounterUITests.swift */ = {isa = PBXFileReference; lastKnownFileType = sourcecode.swift; path = CounterUITests.swift; sourceTree = "<group>"; };
		75995ABA2C2A12CE004AE683 /* CounterUITestsLaunchTests.swift */ = {isa = PBXFileReference; lastKnownFileType = sourcecode.swift; path = CounterUITestsLaunchTests.swift; sourceTree = "<group>"; };
/* End PBXFileReference section */

/* Begin PBXFrameworksBuildPhase section */
		75995A912C2A12CC004AE683 /* Frameworks */ = {
			isa = PBXFrameworksBuildPhase;
			buildActionMask = 2147483647;
			files = (
			);
			runOnlyForDeploymentPostprocessing = 0;
		};
		75995AA72C2A12CE004AE683 /* Frameworks */ = {
			isa = PBXFrameworksBuildPhase;
			buildActionMask = 2147483647;
			files = (
			);
			runOnlyForDeploymentPostprocessing = 0;
		};
		75995AB12C2A12CE004AE683 /* Frameworks */ = {
			isa = PBXFrameworksBuildPhase;
			buildActionMask = 2147483647;
			files = (
			);
			runOnlyForDeploymentPostprocessing = 0;
		};
/* End PBXFrameworksBuildPhase section */

/* Begin PBXGroup section */
		75995A8B2C2A12CC004AE683 = {
			isa = PBXGroup;
			children = (
				75995A962C2A12CC004AE683 /* Counter */,
				75995AAD2C2A12CE004AE683 /* CounterTests */,
				75995AB72C2A12CE004AE683 /* CounterUITests */,
				75995A952C2A12CC004AE683 /* Products */,
			);
			sourceTree = "<group>";
		};
		75995A952C2A12CC004AE683 /* Products */ = {
			isa = PBXGroup;
			children = (
				75995A942C2A12CC004AE683 /* Counter.app */,
				75995AAA2C2A12CE004AE683 /* CounterTests.xctest */,
				75995AB42C2A12CE004AE683 /* CounterUITests.xctest */,
			);
			name = Products;
			sourceTree = "<group>";
		};
		75995A962C2A12CC004AE683 /* Counter */ = {
			isa = PBXGroup;
			children = (
				75995A972C2A12CC004AE683 /* AppDelegate.swift */,
				75995A992C2A12CC004AE683 /* SceneDelegate.swift */,
				75995A9B2C2A12CC004AE683 /* ViewController.swift */,
				75995A9D2C2A12CC004AE683 /* Main.storyboard */,
				75995AA02C2A12CE004AE683 /* Assets.xcassets */,
				75995AA22C2A12CE004AE683 /* LaunchScreen.storyboard */,
				75995AA52C2A12CE004AE683 /* Info.plist */,
			);
			path = Counter;
			sourceTree = "<group>";
		};
		75995AAD2C2A12CE004AE683 /* CounterTests */ = {
			isa = PBXGroup;
			children = (
				75995AAE2C2A12CE004AE683 /* CounterTests.swift */,
			);
			path = CounterTests;
			sourceTree = "<group>";
		};
		75995AB72C2A12CE004AE683 /* CounterUITests */ = {
			isa = PBXGroup;
			children = (
				75995AB82C2A12CE004AE683 /* CounterUITests.swift */,
				75995ABA2C2A12CE004AE683 /* CounterUITestsLaunchTests.swift */,
			);
			path = CounterUITests;
			sourceTree = "<group>";
		};
/* End PBXGroup section */

/* Begin PBXNativeTarget section */
		75995A932C2A12CC004AE683 /* Counter */ = {
			isa = PBXNativeTarget;
			buildConfigurationList = 75995ABE2C2A12CE004AE683 /* Build configuration list for PBXNativeTarget "Counter" */;
			buildPhases = (
				75995A902C2A12CC004AE683 /* Sources */,
				75995A912C2A12CC004AE683 /* Frameworks */,
				75995A922C2A12CC004AE683 /* Resources */,
			);
			buildRules = (
			);
			dependencies = (
			);
			name = Counter;
			productName = Counter;
			productReference = 75995A942C2A12CC004AE683 /* Counter.app */;
			productType = "com.apple.product-type.application";
		};
		75995AA92C2A12CE004AE683 /* CounterTests */ = {
			isa = PBXNativeTarget;
			buildConfigurationList = 75995AC12C2A12CE004AE683 /* Build configuration list for PBXNativeTarget "CounterTests" */;
			buildPhases = (
				75995AA62C2A12CE004AE683 /* Sources */,
				75995AA72C2A12CE004AE683 /* Frameworks */,
				75995AA82C2A12CE004AE683 /* Resources */,
			);
			buildRules = (
			);
			dependencies = (
				75995AAC2C2A12CE004AE683 /* PBXTargetDependency */,
			);
			name = CounterTests;
			productName = CounterTests;
			productReference = 75995AAA2C2A12CE004AE683 /* CounterTests.xctest */;
			productType = "com.apple.product-type.bundle.unit-test";
		};
		75995AB32C2A12CE004AE683 /* CounterUITests */ = {
			isa = PBXNativeTarget;
			buildConfigurationList = 75995AC42C2A12CE004AE683 /* Build configuration list for PBXNativeTarget "CounterUITests" */;
			buildPhases = (
				75995AB02C2A12CE004AE683 /* Sources */,
				75995AB12C2A12CE004AE683 /* Frameworks */,
				75995AB22C2A12CE004AE683 /* Resources */,
			);
			buildRules = (
			);
			dependencies = (
				75995AB62C2A12CE004AE683 /* PBXTargetDependency */,
			);
			name = CounterUITests;
			productName = CounterUITests;
			productReference = 75995AB42C2A12CE004AE683 /* CounterUITests.xctest */;
			productType = "com.apple.product-type.bundle.ui-testing";
		};
/* End PBXNativeTarget section */

/* Begin PBXProject section */
		75995A8C2C2A12CC004AE683 /* Project object */ = {
			isa = PBXProject;
			attributes = {
				BuildIndependentTargetsInParallel = 1;
				LastSwiftUpdateCheck = 1600;
				LastUpgradeCheck = 1600;
				TargetAttributes = {
					75995A932C2A12CC004AE683 = {
						CreatedOnToolsVersion = 16.0;
					};
					75995AA92C2A12CE004AE683 = {
						CreatedOnToolsVersion = 16.0;
						TestTargetID = 75995A932C2A12CC004AE683;
					};
					75995AB32C2A12CE004AE683 = {
						CreatedOnToolsVersion = 16.0;
						TestTargetID = 75995A932C2A12CC004AE683;
					};
				};
			};
			buildConfigurationList = 75995A8F2C2A12CC004AE683 /* Build configuration list for PBXProject "Counter" */;
			compatibilityVersion = "Xcode 15.0";
			developmentRegion = en;
			hasScannedForEncodings = 0;
			knownRegions = (
				en,
				Base,
			);
			mainGroup = 75995A8B2C2A12CC004AE683;
			productRefGroup = 75995A952C2A12CC004AE683 /* Products */;
			projectDirPath = "";
			projectRoot = "";
			targets = (
				75995A932C2A12CC004AE683 /* Counter */,
				75995AA92C2A12CE004AE683 /* CounterTests */,
				75995AB32C2A12CE004AE683 /* CounterUITests */,
			);
		};
/* End PBXProject section */

/* Begin PBXResourcesBuildPhase section */
		75995A922C2A12CC004AE683 /* Resources */ = {
			isa = PBXResourcesBuildPhase;
			buildActionMask = 2147483647;
			files = (
				75995AA12C2A12CE004AE683 /* Assets.xcassets in Resources */,
				75995AA42C2A12CE004AE683 /* Base in Resources */,
				75995A9F2C2A12CC004AE683 /* Base in Resources */,
			);
			runOnlyForDeploymentPostprocessing = 0;
		};
		75995AA82C2A12CE004AE683 /* Resources */ = {
			isa = PBXResourcesBuildPhase;
			buildActionMask = 2147483647;
			files = (
			);
			runOnlyForDeploymentPostprocessing = 0;
		};
		75995AB22C2A12CE004AE683 /* Resources */ = {
			isa = PBXResourcesBuildPhase;
			buildActionMask = 2147483647;
			files = (
			);
			runOnlyForDeploymentPostprocessing = 0;
		};
/* End PBXResourcesBuildPhase section */

/* Begin PBXSourcesBuildPhase section */
		75995A902C2A12CC004AE683 /* Sources */ = {
			isa = PBXSourcesBuildPhase;
			buildActionMask = 2147483647;
			files = (
				75995A9C2C2A12CC004AE683 /* ViewController.swift in Sources */,
				75995A982C2A12CC004AE683 /* AppDelegate.swift in Sources */,
				75995A9A2C2A12CC004AE683 /* SceneDelegate.swift in Sources */,
			);
			runOnlyForDeploymentPostprocessing = 0;
		};
		75995AA62C2A12CE004AE683 /* Sources */ = {
			isa = PBXSourcesBuildPhase;
			buildActionMask = 2147483647;
			files = (
				75995AAF2C2A12CE004AE683 /* CounterTests.swift in Sources */,
			);
			runOnlyForDeploymentPostprocessing = 0;
		};
		75995AB02C2A12CE004AE683 /* Sources */ = {
			isa = PBXSourcesBuildPhase;
			buildActionMask = 2147483647;
			files = (
				75995AB92C2A12CE004AE683 /* CounterUITests.swift in Sources */,
				75995ABB2C2A12CE004AE683 /* CounterUITestsLaunchTests.swift in Sources */,
			);
			runOnlyForDeploymentPostprocessing = 0;
		};
/* End PBXSourcesBuildPhase section */

/* Begin PBXTargetDependency section */
		75995AAC2C2A12CE004AE683 /* PBXTargetDependency */ = {
			isa = PBXTargetDependency;
			target = 75995A932C2A12CC004AE683 /* Counter */;
			targetProxy = 75995AAB2C2A12CE004AE683 /* PBXContainerItemProxy */;
		};
		75995AB62C2A12CE004AE683 /* PBXTargetDependency */ = {
			isa = PBXTargetDependency;
			target = 75995A932C2A12CC004AE683 /* Counter */;
			targetProxy = 75995AB52C2A12CE004AE683 /* PBXContainerItemProxy */;
		};
/* End PBXTargetDependency section */

/* Begin PBXVariantGroup section */
		75995A9D2C2A12CC004AE683 /* Main.storyboard */ = {
			isa = PBXVariantGroup;
			children = (
				75995A9E2C2A12CC004AE683 /* Base */,
			);
			name = Main.storyboard;
			sourceTree = "<group>";
		};
		75995AA22C2A12CE004AE683 /* LaunchScreen.storyboard */ = {
			isa = PBXVariantGroup;
			children = (
				75995AA32C2A12CE004AE683 /* Base */,
			);
			name = LaunchScreen.storyboard;
			sourceTree = "<group>";
		};
/* End PBXVariantGroup section */

/* Begin XCBuildConfiguration section */
		75995ABC2C2A12CE004AE683 /* Debug */ = {
			isa = XCBuildConfiguration;
			buildSettings = {
				ALWAYS_SEARCH_USER_PATHS = NO;
				ASSETCATALOG_COMPILER_GENERATE_SWIFT_ASSET_SYMBOL_EXTENSIONS = YES;
				CLANG_ANALYZER_NONNULL = YES;
				CLANG_ANALYZER_NUMBER_OBJECT_CONVERSION = YES_AGGRESSIVE;
				CLANG_CXX_LANGUAGE_STANDARD = "gnu++20";
				CLANG_ENABLE_MODULES = YES;
				CLANG_ENABLE_OBJC_ARC = YES;
				CLANG_ENABLE_OBJC_WEAK = YES;
				CLANG_WARN_BLOCK_CAPTURE_AUTORELEASING = YES;
				CLANG_WARN_BOOL_CONVERSION = YES;
				CLANG_WARN_COMMA = YES;
				CLANG_WARN_CONSTANT_CONVERSION = YES;
				CLANG_WARN_DEPRECATED_OBJC_IMPLEMENTATIONS = YES;
				CLANG_WARN_DIRECT_OBJC_ISA_USAGE = YES_ERROR;
				CLANG_WARN_DOCUMENTATION_COMMENTS = YES;
				CLANG_WARN_EMPTY_BODY = YES;
				CLANG_WARN_ENUM_CONVERSION = YES;
				CLANG_WARN_INFINITE_RECURSION = YES;
				CLANG_WARN_INT_CONVERSION = YES;
				CLANG_WARN_NON_LITERAL_NULL_CONVERSION = YES;
				CLANG_WARN_OBJC_IMPLICIT_RETAIN_SELF = YES;
				CLANG_WARN_OBJC_LITERAL_CONVERSION = YES;
				CLANG_WARN_OBJC_ROOT_CLASS = YES_ERROR;
				CLANG_WARN_QUOTED_INCLUDE_IN_FRAMEWORK_HEADER = YES;
				CLANG_WARN_RANGE_LOOP_ANALYSIS = YES;
				CLANG_WARN_STRICT_PROTOTYPES = YES;
				CLANG_WARN_SUSPICIOUS_MOVE = YES;
				CLANG_WARN_UNGUARDED_AVAILABILITY = YES_AGGRESSIVE;
				CLANG_WARN_UNREACHABLE_CODE = YES;
				CLANG_WARN__DUPLICATE_METHOD_MATCH = YES;
				COPY_PHASE_STRIP = NO;
				DEBUG_INFORMATION_FORMAT = dwarf;
				ENABLE_STRICT_OBJC_MSGSEND = YES;
				ENABLE_TESTABILITY = YES;
				ENABLE_USER_SCRIPT_SANDBOXING = YES;
				GCC_C_LANGUAGE_STANDARD = gnu17;
				GCC_DYNAMIC_NO_PIC = NO;
				GCC_NO_COMMON_BLOCKS = YES;
				GCC_OPTIMIZATION_LEVEL = 0;
				GCC_PREPROCESSOR_DEFINITIONS = (
					"DEBUG=1",
					"$(inherited)",
				);
				GCC_WARN_64_TO_32_BIT_CONVERSION = YES;
				GCC_WARN_ABOUT_RETURN_TYPE = YES_ERROR;
				GCC_WARN_UNDECLARED_SELECTOR = YES;
				GCC_WARN_UNINITIALIZED_AUTOS = YES_AGGRESSIVE;
				GCC_WARN_UNUSED_FUNCTION = YES;
				GCC_WARN_UNUSED_VARIABLE = YES;
				IPHONEOS_DEPLOYMENT_TARGET = 18.0;
				LOCALIZATION_PREFERS_STRING_CATALOGS = YES;
				MTL_ENABLE_DEBUG_INFO = INCLUDE_SOURCE;
				MTL_FAST_MATH = YES;
				ONLY_ACTIVE_ARCH = YES;
				SDKROOT = iphoneos;
				SWIFT_ACTIVE_COMPILATION_CONDITIONS = "DEBUG $(inherited)";
				SWIFT_OPTIMIZATION_LEVEL = "-Onone";
			};
			name = Debug;
		};
		75995ABD2C2A12CE004AE683 /* Release */ = {
			isa = XCBuildConfiguration;
			buildSettings = {
				ALWAYS_SEARCH_USER_PATHS = NO;
				ASSETCATALOG_COMPILER_GENERATE_SWIFT_ASSET_SYMBOL_EXTENSIONS = YES;
				CLANG_ANALYZER_NONNULL = YES;
				CLANG_ANALYZER_NUMBER_OBJECT_CONVERSION = YES_AGGRESSIVE;
				CLANG_CXX_LANGUAGE_STANDARD = "gnu++20";
				CLANG_ENABLE_MODULES = YES;
				CLANG_ENABLE_OBJC_ARC = YES;
				CLANG_ENABLE_OBJC_WEAK = YES;
				CLANG_WARN_BLOCK_CAPTURE_AUTORELEASING = YES;
				CLANG_WARN_BOOL_CONVERSION = YES;
				CLANG_WARN_COMMA = YES;
				CLANG_WARN_CONSTANT_CONVERSION = YES;
				CLANG_WARN_DEPRECATED_OBJC_IMPLEMENTATIONS = YES;
				CLANG_WARN_DIRECT_OBJC_ISA_USAGE = YES_ERROR;
				CLANG_WARN_DOCUMENTATION_COMMENTS = YES;
				CLANG_WARN_EMPTY_BODY = YES;
				CLANG_WARN_ENUM_CONVERSION = YES;
				CLANG_WARN_INFINITE_RECURSION = YES;
				CLANG_WARN_INT_CONVERSION = YES;
				CLANG_WARN_NON_LITERAL_NULL_CONVERSION = YES;
				CLANG_WARN_OBJC_IMPLICIT_RETAIN_SELF = YES;
				CLANG_WARN_OBJC_LITERAL_CONVERSION = YES;
				CLANG_WARN_OBJC_ROOT_CLASS = YES_ERROR;
				CLANG_WARN_QUOTED_INCLUDE_IN_FRAMEWORK_HEADER = YES;
				CLANG_WARN_RANGE_LOOP_ANALYSIS = YES;
				CLANG_WARN_STRICT_PROTOTYPES = YES;
				CLANG_WARN_SUSPICIOUS_MOVE = YES;
				CLANG_WARN_UNGUARDED_AVAILABILITY = YES_AGGRESSIVE;
				CLANG_WARN_UNREACHABLE_CODE = YES;
				CLANG_WARN__DUPLICATE_METHOD_MATCH = YES;
				COPY_PHASE_STRIP = NO;
				DEBUG_INFORMATION_FORMAT = "dwarf-with-dsym";
				ENABLE_NS_ASSERTIONS = NO;
				ENABLE_STRICT_OBJC_MSGSEND = YES;
				ENABLE_USER_SCRIPT_SANDBOXING = YES;
				GCC_C_LANGUAGE_STANDARD = gnu17;
				GCC_NO_COMMON_BLOCKS = YES;
				GCC_WARN_64_TO_32_BIT_CONVERSION = YES;
				GCC_WARN_ABOUT_RETURN_TYPE = YES_ERROR;
				GCC_WARN_UNDECLARED_SELECTOR = YES;
				GCC_WARN_UNINITIALIZED_AUTOS = YES_AGGRESSIVE;
				GCC_WARN_UNUSED_FUNCTION = YES;
				GCC_WARN_UNUSED_VARIABLE = YES;
				IPHONEOS_DEPLOYMENT_TARGET = 18.0;
				LOCALIZATION_PREFERS_STRING_CATALOGS = YES;
				MTL_ENABLE_DEBUG_INFO = NO;
				MTL_FAST_MATH = YES;
				SDKROOT = iphoneos;
				SWIFT_COMPILATION_MODE = wholemodule;
				VALIDATE_PRODUCT = YES;
			};
			name = Release;
		};
		75995ABF2C2A12CE004AE683 /* Debug */ = {
			isa = XCBuildConfiguration;
			buildSettings = {
				ASSETCATALOG_COMPILER_APPICON_NAME = AppIcon;
				ASSETCATALOG_COMPILER_GLOBAL_ACCENT_COLOR_NAME = AccentColor;
				CODE_SIGN_STYLE = Automatic;
				CURRENT_PROJECT_VERSION = 1;
				DEVELOPMENT_TEAM = W8M64LUWMC;
				GENERATE_INFOPLIST_FILE = YES;
				INFOPLIST_FILE = Counter/Info.plist;
				INFOPLIST_KEY_UIApplicationSupportsIndirectInputEvents = YES;
				INFOPLIST_KEY_UILaunchStoryboardName = LaunchScreen;
				INFOPLIST_KEY_UIMainStoryboardFile = Main;
				INFOPLIST_KEY_UISupportedInterfaceOrientations_iPad = "UIInterfaceOrientationPortrait UIInterfaceOrientationPortraitUpsideDown UIInterfaceOrientationLandscapeLeft UIInterfaceOrientationLandscapeRight";
				INFOPLIST_KEY_UISupportedInterfaceOrientations_iPhone = "UIInterfaceOrientationPortrait UIInterfaceOrientationLandscapeLeft UIInterfaceOrientationLandscapeRight";
				LD_RUNPATH_SEARCH_PATHS = (
					"$(inherited)",
					"@executable_path/Frameworks",
				);
				MARKETING_VERSION = 1.0;
				PRODUCT_BUNDLE_IDENTIFIER = nex77qoz.Counter;
				PRODUCT_NAME = "$(TARGET_NAME)";
				SWIFT_EMIT_LOC_STRINGS = YES;
				SWIFT_VERSION = 5.0;
				TARGETED_DEVICE_FAMILY = "1,2";
			};
			name = Debug;
		};
		75995AC02C2A12CE004AE683 /* Release */ = {
			isa = XCBuildConfiguration;
			buildSettings = {
				ASSETCATALOG_COMPILER_APPICON_NAME = AppIcon;
				ASSETCATALOG_COMPILER_GLOBAL_ACCENT_COLOR_NAME = AccentColor;
				CODE_SIGN_STYLE = Automatic;
				CURRENT_PROJECT_VERSION = 1;
				DEVELOPMENT_TEAM = W8M64LUWMC;
				GENERATE_INFOPLIST_FILE = YES;
				INFOPLIST_FILE = Counter/Info.plist;
				INFOPLIST_KEY_UIApplicationSupportsIndirectInputEvents = YES;
				INFOPLIST_KEY_UILaunchStoryboardName = LaunchScreen;
				INFOPLIST_KEY_UIMainStoryboardFile = Main;
				INFOPLIST_KEY_UISupportedInterfaceOrientations_iPad = "UIInterfaceOrientationPortrait UIInterfaceOrientationPortraitUpsideDown UIInterfaceOrientationLandscapeLeft UIInterfaceOrientationLandscapeRight";
				INFOPLIST_KEY_UISupportedInterfaceOrientations_iPhone = "UIInterfaceOrientationPortrait UIInterfaceOrientationLandscapeLeft UIInterfaceOrientationLandscapeRight";
				LD_RUNPATH_SEARCH_PATHS = (
					"$(inherited)",
					"@executable_path/Frameworks",
				);
				MARKETING_VERSION = 1.0;
				PRODUCT_BUNDLE_IDENTIFIER = nex77qoz.Counter;
				PRODUCT_NAME = "$(TARGET_NAME)";
				SWIFT_EMIT_LOC_STRINGS = YES;
				SWIFT_VERSION = 5.0;
				TARGETED_DEVICE_FAMILY = "1,2";
			};
			name = Release;
		};
		75995AC22C2A12CE004AE683 /* Debug */ = {
			isa = XCBuildConfiguration;
			buildSettings = {
				BUNDLE_LOADER = "$(TEST_HOST)";
				CODE_SIGN_STYLE = Automatic;
				CURRENT_PROJECT_VERSION = 1;
				DEVELOPMENT_TEAM = W8M64LUWMC;
				GENERATE_INFOPLIST_FILE = YES;
				IPHONEOS_DEPLOYMENT_TARGET = 18.0;
				MARKETING_VERSION = 1.0;
				PRODUCT_BUNDLE_IDENTIFIER = nex77qoz.CounterTests;
				PRODUCT_NAME = "$(TARGET_NAME)";
				SWIFT_EMIT_LOC_STRINGS = NO;
				SWIFT_VERSION = 5.0;
				TARGETED_DEVICE_FAMILY = "1,2";
				TEST_HOST = "$(BUILT_PRODUCTS_DIR)/Counter.app/$(BUNDLE_EXECUTABLE_FOLDER_PATH)/Counter";
			};
			name = Debug;
		};
		75995AC32C2A12CE004AE683 /* Release */ = {
			isa = XCBuildConfiguration;
			buildSettings = {
				BUNDLE_LOADER = "$(TEST_HOST)";
				CODE_SIGN_STYLE = Automatic;
				CURRENT_PROJECT_VERSION = 1;
				DEVELOPMENT_TEAM = W8M64LUWMC;
				GENERATE_INFOPLIST_FILE = YES;
				IPHONEOS_DEPLOYMENT_TARGET = 18.0;
				MARKETING_VERSION = 1.0;
				PRODUCT_BUNDLE_IDENTIFIER = nex77qoz.CounterTests;
				PRODUCT_NAME = "$(TARGET_NAME)";
				SWIFT_EMIT_LOC_STRINGS = NO;
				SWIFT_VERSION = 5.0;
				TARGETED_DEVICE_FAMILY = "1,2";
				TEST_HOST = "$(BUILT_PRODUCTS_DIR)/Counter.app/$(BUNDLE_EXECUTABLE_FOLDER_PATH)/Counter";
			};
			name = Release;
		};
		75995AC52C2A12CE004AE683 /* Debug */ = {
			isa = XCBuildConfiguration;
			buildSettings = {
				CODE_SIGN_STYLE = Automatic;
				CURRENT_PROJECT_VERSION = 1;
				DEVELOPMENT_TEAM = W8M64LUWMC;
				GENERATE_INFOPLIST_FILE = YES;
				MARKETING_VERSION = 1.0;
				PRODUCT_BUNDLE_IDENTIFIER = nex77qoz.CounterUITests;
				PRODUCT_NAME = "$(TARGET_NAME)";
				SWIFT_EMIT_LOC_STRINGS = NO;
				SWIFT_VERSION = 5.0;
				TARGETED_DEVICE_FAMILY = "1,2";
				TEST_TARGET_NAME = Counter;
			};
			name = Debug;
		};
		75995AC62C2A12CE004AE683 /* Release */ = {
			isa = XCBuildConfiguration;
			buildSettings = {
				CODE_SIGN_STYLE = Automatic;
				CURRENT_PROJECT_VERSION = 1;
				DEVELOPMENT_TEAM = W8M64LUWMC;
				GENERATE_INFOPLIST_FILE = YES;
				MARKETING_VERSION = 1.0;
				PRODUCT_BUNDLE_IDENTIFIER = nex77qoz.CounterUITests;
				PRODUCT_NAME = "$(TARGET_NAME)";
				SWIFT_EMIT_LOC_STRINGS = NO;
				SWIFT_VERSION = 5.0;
				TARGETED_DEVICE_FAMILY = "1,2";
				TEST_TARGET_NAME = Counter;
			};
			name = Release;
		};
/* End XCBuildConfiguration section */

/* Begin XCConfigurationList section */
		75995A8F2C2A12CC004AE683 /* Build configuration list for PBXProject "Counter" */ = {
			isa = XCConfigurationList;
			buildConfigurations = (
				75995ABC2C2A12CE004AE683 /* Debug */,
				75995ABD2C2A12CE004AE683 /* Release */,
			);
			defaultConfigurationIsVisible = 0;
			defaultConfigurationName = Release;
		};
		75995ABE2C2A12CE004AE683 /* Build configuration list for PBXNativeTarget "Counter" */ = {
			isa = XCConfigurationList;
			buildConfigurations = (
				75995ABF2C2A12CE004AE683 /* Debug */,
				75995AC02C2A12CE004AE683 /* Release */,
			);
			defaultConfigurationIsVisible = 0;
			defaultConfigurationName = Release;
		};
		75995AC12C2A12CE004AE683 /* Build configuration list for PBXNativeTarget "CounterTests" */ = {
			isa = XCConfigurationList;
			buildConfigurations = (
				75995AC22C2A12CE004AE683 /* Debug */,
				75995AC32C2A12CE004AE683 /* Release */,
			);
			defaultConfigurationIsVisible = 0;
			defaultConfigurationName = Release;
		};
		75995AC42C2A12CE004AE683 /* Build configuration list for PBXNativeTarget "CounterUITests" */ = {
			isa = XCConfigurationList;
			buildConfigurations = (
				75995AC52C2A12CE004AE683 /* Debug */,
				75995AC62C2A12CE004AE683 /* Release */,
			);
			defaultConfigurationIsVisible = 0;
			defaultConfigurationName = Release;
		};
/* End XCConfigurationList section */
	};
	rootObject = 75995A8C2C2A12CC004AE683 /* Project object */;
}
